// !$*UTF8*$!
{
	archiveVersion = 1;
	classes = {
	};
	objectVersion = 56;
	objects = {

/* Begin PBXBuildFile section */
		E430646C295B01E0002AA983 /* Utils.swift in Sources */ = {isa = PBXBuildFile; fileRef = E430646B295B01E0002AA983 /* Utils.swift */; };
		E44CAC1729D4174F009AE942 /* GameCatalogue.xcdatamodeld in Sources */ = {isa = PBXBuildFile; fileRef = E44CAC1529D4174F009AE942 /* GameCatalogue.xcdatamodeld */; };
		E44CAC1A29D417A9009AE942 /* Games+CoreDataClass.swift in Sources */ = {isa = PBXBuildFile; fileRef = E44CAC1829D417A9009AE942 /* Games+CoreDataClass.swift */; };
		E44CAC1B29D417A9009AE942 /* Games+CoreDataProperties.swift in Sources */ = {isa = PBXBuildFile; fileRef = E44CAC1929D417A9009AE942 /* Games+CoreDataProperties.swift */; };
		E44CAC1D29D41A6D009AE942 /* Persistance.swift in Sources */ = {isa = PBXBuildFile; fileRef = E44CAC1C29D41A6D009AE942 /* Persistance.swift */; };
		E44CAC1F29D41AA3009AE942 /* FavoriteViewModel.swift in Sources */ = {isa = PBXBuildFile; fileRef = E44CAC1E29D41AA3009AE942 /* FavoriteViewModel.swift */; };
		E44CAC2229D470EE009AE942 /* FavoriteView.swift in Sources */ = {isa = PBXBuildFile; fileRef = E44CAC2129D470EE009AE942 /* FavoriteView.swift */; };
		E4878D31295A9E01004BA66D /* GameCatalogueApp.swift in Sources */ = {isa = PBXBuildFile; fileRef = E4878D30295A9E01004BA66D /* GameCatalogueApp.swift */; };
		E4878D33295A9E01004BA66D /* ContentView.swift in Sources */ = {isa = PBXBuildFile; fileRef = E4878D32295A9E01004BA66D /* ContentView.swift */; };
		E4878D40295A9FD4004BA66D /* AboutView.swift in Sources */ = {isa = PBXBuildFile; fileRef = E4878D3F295A9FD4004BA66D /* AboutView.swift */; };
		E4878D44295AA24E004BA66D /* ServiceProtocol.swift in Sources */ = {isa = PBXBuildFile; fileRef = E4878D43295AA24E004BA66D /* ServiceProtocol.swift */; };
		E4878D46295AA25E004BA66D /* APIService.swift in Sources */ = {isa = PBXBuildFile; fileRef = E4878D45295AA25E004BA66D /* APIService.swift */; };
		E4878D49295AA2C5004BA66D /* Game.swift in Sources */ = {isa = PBXBuildFile; fileRef = E4878D48295AA2C5004BA66D /* Game.swift */; };
		E4878D4B295AA2F1004BA66D /* GameList.swift in Sources */ = {isa = PBXBuildFile; fileRef = E4878D4A295AA2F1004BA66D /* GameList.swift */; };
		E4878D4E295AA33C004BA66D /* GameViewModel.swift in Sources */ = {isa = PBXBuildFile; fileRef = E4878D4D295AA33C004BA66D /* GameViewModel.swift */; };
		E4878D51295AA5A7004BA66D /* CardGame.swift in Sources */ = {isa = PBXBuildFile; fileRef = E4878D50295AA5A7004BA66D /* CardGame.swift */; };
		E4878D53295AA5B7004BA66D /* GameListView.swift in Sources */ = {isa = PBXBuildFile; fileRef = E4878D52295AA5B7004BA66D /* GameListView.swift */; };
		E4878D55295AD0B2004BA66D /* GameDetailView.swift in Sources */ = {isa = PBXBuildFile; fileRef = E4878D54295AD0B2004BA66D /* GameDetailView.swift */; };
		E4878D57295AD0FA004BA66D /* GameDetailViewModel.swift in Sources */ = {isa = PBXBuildFile; fileRef = E4878D56295AD0FA004BA66D /* GameDetailViewModel.swift */; };
		E4878D59295AD178004BA66D /* GamaDetail.swift in Sources */ = {isa = PBXBuildFile; fileRef = E4878D58295AD178004BA66D /* GamaDetail.swift */; };
		E4DB7363295AFEB500C4AFC7 /* LoadingIndicator.swift in Sources */ = {isa = PBXBuildFile; fileRef = E4DB7362295AFEB500C4AFC7 /* LoadingIndicator.swift */; };
		E4F802F129ED865C0007A134 /* ProfileSheetView.swift in Sources */ = {isa = PBXBuildFile; fileRef = E4F802F029ED865C0007A134 /* ProfileSheetView.swift */; };
/* End PBXBuildFile section */

/* Begin PBXFileReference section */
		E430646B295B01E0002AA983 /* Utils.swift */ = {isa = PBXFileReference; lastKnownFileType = sourcecode.swift; path = Utils.swift; sourceTree = "<group>"; };
		E44CAC1629D4174F009AE942 /* GameCatalogue.xcdatamodel */ = {isa = PBXFileReference; lastKnownFileType = wrapper.xcdatamodel; path = GameCatalogue.xcdatamodel; sourceTree = "<group>"; };
		E44CAC1829D417A9009AE942 /* Games+CoreDataClass.swift */ = {isa = PBXFileReference; lastKnownFileType = sourcecode.swift; path = "Games+CoreDataClass.swift"; sourceTree = "<group>"; };
		E44CAC1929D417A9009AE942 /* Games+CoreDataProperties.swift */ = {isa = PBXFileReference; lastKnownFileType = sourcecode.swift; path = "Games+CoreDataProperties.swift"; sourceTree = "<group>"; };
		E44CAC1C29D41A6D009AE942 /* Persistance.swift */ = {isa = PBXFileReference; lastKnownFileType = sourcecode.swift; path = Persistance.swift; sourceTree = "<group>"; };
		E44CAC1E29D41AA3009AE942 /* FavoriteViewModel.swift */ = {isa = PBXFileReference; lastKnownFileType = sourcecode.swift; path = FavoriteViewModel.swift; sourceTree = "<group>"; };
		E44CAC2129D470EE009AE942 /* FavoriteView.swift */ = {isa = PBXFileReference; lastKnownFileType = sourcecode.swift; path = FavoriteView.swift; sourceTree = "<group>"; };
		E45D9A5F29F1943E0012330B /* .swiftlint.yml. */ = {isa = PBXFileReference; lastKnownFileType = text; path = .swiftlint.yml.; sourceTree = "<group>"; };
		E45D9A6129F195950012330B /* .swiftlint.yml */ = {isa = PBXFileReference; lastKnownFileType = text.yaml; path = .swiftlint.yml; sourceTree = "<group>"; };
		E4878D2D295A9E01004BA66D /* GameCatalogue.app */ = {isa = PBXFileReference; explicitFileType = wrapper.application; includeInIndex = 0; path = GameCatalogue.app; sourceTree = BUILT_PRODUCTS_DIR; };
		E4878D30295A9E01004BA66D /* GameCatalogueApp.swift */ = {isa = PBXFileReference; lastKnownFileType = sourcecode.swift; path = GameCatalogueApp.swift; sourceTree = "<group>"; };
		E4878D32295A9E01004BA66D /* ContentView.swift */ = {isa = PBXFileReference; lastKnownFileType = sourcecode.swift; path = ContentView.swift; sourceTree = "<group>"; };
		E4878D34295A9E03004BA66D /* Assets.xcassets */ = {isa = PBXFileReference; lastKnownFileType = folder.assetcatalog; path = Assets.xcassets; sourceTree = "<group>"; };
		E4878D37295A9E03004BA66D /* Preview Assets.xcassets */ = {isa = PBXFileReference; lastKnownFileType = folder.assetcatalog; path = "Preview Assets.xcassets"; sourceTree = "<group>"; };
		E4878D3F295A9FD4004BA66D /* AboutView.swift */ = {isa = PBXFileReference; lastKnownFileType = sourcecode.swift; path = AboutView.swift; sourceTree = "<group>"; };
		E4878D43295AA24E004BA66D /* ServiceProtocol.swift */ = {isa = PBXFileReference; lastKnownFileType = sourcecode.swift; path = ServiceProtocol.swift; sourceTree = "<group>"; };
		E4878D45295AA25E004BA66D /* APIService.swift */ = {isa = PBXFileReference; lastKnownFileType = sourcecode.swift; path = APIService.swift; sourceTree = "<group>"; };
		E4878D48295AA2C5004BA66D /* Game.swift */ = {isa = PBXFileReference; lastKnownFileType = sourcecode.swift; path = Game.swift; sourceTree = "<group>"; };
		E4878D4A295AA2F1004BA66D /* GameList.swift */ = {isa = PBXFileReference; lastKnownFileType = sourcecode.swift; path = GameList.swift; sourceTree = "<group>"; };
		E4878D4D295AA33C004BA66D /* GameViewModel.swift */ = {isa = PBXFileReference; lastKnownFileType = sourcecode.swift; path = GameViewModel.swift; sourceTree = "<group>"; };
		E4878D50295AA5A7004BA66D /* CardGame.swift */ = {isa = PBXFileReference; lastKnownFileType = sourcecode.swift; path = CardGame.swift; sourceTree = "<group>"; };
		E4878D52295AA5B7004BA66D /* GameListView.swift */ = {isa = PBXFileReference; lastKnownFileType = sourcecode.swift; path = GameListView.swift; sourceTree = "<group>"; };
		E4878D54295AD0B2004BA66D /* GameDetailView.swift */ = {isa = PBXFileReference; lastKnownFileType = sourcecode.swift; path = GameDetailView.swift; sourceTree = "<group>"; };
		E4878D56295AD0FA004BA66D /* GameDetailViewModel.swift */ = {isa = PBXFileReference; lastKnownFileType = sourcecode.swift; path = GameDetailViewModel.swift; sourceTree = "<group>"; };
		E4878D58295AD178004BA66D /* GamaDetail.swift */ = {isa = PBXFileReference; lastKnownFileType = sourcecode.swift; path = GamaDetail.swift; sourceTree = "<group>"; };
		E4DB7362295AFEB500C4AFC7 /* LoadingIndicator.swift */ = {isa = PBXFileReference; lastKnownFileType = sourcecode.swift; path = LoadingIndicator.swift; sourceTree = "<group>"; };
		E4F802F029ED865C0007A134 /* ProfileSheetView.swift */ = {isa = PBXFileReference; lastKnownFileType = sourcecode.swift; path = ProfileSheetView.swift; sourceTree = "<group>"; };
/* End PBXFileReference section */

/* Begin PBXFrameworksBuildPhase section */
		E4878D2A295A9E01004BA66D /* Frameworks */ = {
			isa = PBXFrameworksBuildPhase;
			buildActionMask = 2147483647;
			files = (
			);
			runOnlyForDeploymentPostprocessing = 0;
		};
/* End PBXFrameworksBuildPhase section */

/* Begin PBXGroup section */
		E430646A295B01CE002AA983 /* Util */ = {
			isa = PBXGroup;
			children = (
				E430646B295B01E0002AA983 /* Utils.swift */,
			);
			path = Util;
			sourceTree = "<group>";
		};
		E44CAC2029D46FB9009AE942 /* Favorite */ = {
			isa = PBXGroup;
			children = (
				E44CAC2129D470EE009AE942 /* FavoriteView.swift */,
			);
			path = Favorite;
			sourceTree = "<group>";
		};
		E4878D24295A9E01004BA66D = {
			isa = PBXGroup;
			children = (
				E4878D2F295A9E01004BA66D /* GameCatalogue */,
				E4878D2E295A9E01004BA66D /* Products */,
			);
			sourceTree = "<group>";
		};
		E4878D2E295A9E01004BA66D /* Products */ = {
			isa = PBXGroup;
			children = (
				E4878D2D295A9E01004BA66D /* GameCatalogue.app */,
			);
			name = Products;
			sourceTree = "<group>";
		};
		E4878D2F295A9E01004BA66D /* GameCatalogue */ = {
			isa = PBXGroup;
			children = (
				E44CAC1C29D41A6D009AE942 /* Persistance.swift */,
				E44CAC1829D417A9009AE942 /* Games+CoreDataClass.swift */,
				E44CAC1929D417A9009AE942 /* Games+CoreDataProperties.swift */,
				E44CAC1529D4174F009AE942 /* GameCatalogue.xcdatamodeld */,
				E430646A295B01CE002AA983 /* Util */,
				E4878D4C295AA32A004BA66D /* ViewModel */,
				E4878D47295AA2B9004BA66D /* Model */,
				E4878D42295AA238004BA66D /* Network */,
				E4878D3E295A9E5B004BA66D /* View */,
				E4878D30295A9E01004BA66D /* GameCatalogueApp.swift */,
				E4878D34295A9E03004BA66D /* Assets.xcassets */,
				E4878D36295A9E03004BA66D /* Preview Content */,
				E45D9A5F29F1943E0012330B /* .swiftlint.yml. */,
				E45D9A6129F195950012330B /* .swiftlint.yml */,
			);
			path = GameCatalogue;
			sourceTree = "<group>";
		};
		E4878D36295A9E03004BA66D /* Preview Content */ = {
			isa = PBXGroup;
			children = (
				E4878D37295A9E03004BA66D /* Preview Assets.xcassets */,
			);
			path = "Preview Content";
			sourceTree = "<group>";
		};
		E4878D3E295A9E5B004BA66D /* View */ = {
			isa = PBXGroup;
			children = (
				E44CAC2029D46FB9009AE942 /* Favorite */,
				E4DB7361295AFE9500C4AFC7 /* LoadingIndicator */,
				E4878D4F295AA57D004BA66D /* Game */,
				E4878D41295A9FD9004BA66D /* About */,
				E4878D32295A9E01004BA66D /* ContentView.swift */,
			);
			path = View;
			sourceTree = "<group>";
		};
		E4878D41295A9FD9004BA66D /* About */ = {
			isa = PBXGroup;
			children = (
				E4878D3F295A9FD4004BA66D /* AboutView.swift */,
				E4F802F029ED865C0007A134 /* ProfileSheetView.swift */,
			);
			path = About;
			sourceTree = "<group>";
		};
		E4878D42295AA238004BA66D /* Network */ = {
			isa = PBXGroup;
			children = (
				E4878D43295AA24E004BA66D /* ServiceProtocol.swift */,
				E4878D45295AA25E004BA66D /* APIService.swift */,
			);
			path = Network;
			sourceTree = "<group>";
		};
		E4878D47295AA2B9004BA66D /* Model */ = {
			isa = PBXGroup;
			children = (
				E4878D48295AA2C5004BA66D /* Game.swift */,
				E4878D4A295AA2F1004BA66D /* GameList.swift */,
				E4878D58295AD178004BA66D /* GamaDetail.swift */,
			);
			path = Model;
			sourceTree = "<group>";
		};
		E4878D4C295AA32A004BA66D /* ViewModel */ = {
			isa = PBXGroup;
			children = (
				E4878D4D295AA33C004BA66D /* GameViewModel.swift */,
				E4878D56295AD0FA004BA66D /* GameDetailViewModel.swift */,
				E44CAC1E29D41AA3009AE942 /* FavoriteViewModel.swift */,
			);
			path = ViewModel;
			sourceTree = "<group>";
		};
		E4878D4F295AA57D004BA66D /* Game */ = {
			isa = PBXGroup;
			children = (
				E4878D50295AA5A7004BA66D /* CardGame.swift */,
				E4878D52295AA5B7004BA66D /* GameListView.swift */,
				E4878D54295AD0B2004BA66D /* GameDetailView.swift */,
			);
			path = Game;
			sourceTree = "<group>";
		};
		E4DB7361295AFE9500C4AFC7 /* LoadingIndicator */ = {
			isa = PBXGroup;
			children = (
				E4DB7362295AFEB500C4AFC7 /* LoadingIndicator.swift */,
			);
			path = LoadingIndicator;
			sourceTree = "<group>";
		};
/* End PBXGroup section */

/* Begin PBXNativeTarget section */
		E4878D2C295A9E01004BA66D /* GameCatalogue */ = {
			isa = PBXNativeTarget;
			buildConfigurationList = E4878D3B295A9E03004BA66D /* Build configuration list for PBXNativeTarget "GameCatalogue" */;
			buildPhases = (
				E4878D29295A9E01004BA66D /* Sources */,
				E4878D2A295A9E01004BA66D /* Frameworks */,
				E4F802F229ED9CA60007A134 /* ShellScript */,
			);
			buildRules = (
			);
			dependencies = (
			);
			name = GameCatalogue;
			productName = GameCatalogue;
			productReference = E4878D2D295A9E01004BA66D /* GameCatalogue.app */;
			productType = "com.apple.product-type.application";
		};
/* End PBXNativeTarget section */

/* Begin PBXProject section */
		E4878D25295A9E01004BA66D /* Project object */ = {
			isa = PBXProject;
			attributes = {
				BuildIndependentTargetsInParallel = 1;
				LastSwiftUpdateCheck = 1410;
				LastUpgradeCheck = 1410;
				TargetAttributes = {
					E4878D2C295A9E01004BA66D = {
						CreatedOnToolsVersion = 14.1;
					};
				};
			};
			buildConfigurationList = E4878D28295A9E01004BA66D /* Build configuration list for PBXProject "GameCatalogue" */;
			compatibilityVersion = "Xcode 14.0";
			developmentRegion = en;
			hasScannedForEncodings = 0;
			knownRegions = (
				en,
				Base,
			);
			mainGroup = E4878D24295A9E01004BA66D;
			productRefGroup = E4878D2E295A9E01004BA66D /* Products */;
			projectDirPath = "";
			projectRoot = "";
			targets = (
				E4878D2C295A9E01004BA66D /* GameCatalogue */,
			);
		};
/* End PBXProject section */

/* Begin PBXShellScriptBuildPhase section */
		E4F802F229ED9CA60007A134 /* ShellScript */ = {
			isa = PBXShellScriptBuildPhase;
			buildActionMask = 2147483647;
			files = (
			);
			inputFileListPaths = (
			);
			inputPaths = (
			);
			outputFileListPaths = (
			);
			outputPaths = (
			);
			runOnlyForDeploymentPostprocessing = 0;
			shellPath = /bin/sh;
			shellScript = "if which swiftlint >/dev/null; then\n  swiftlint\nelse\n  echo \"warning: SwiftLint not installed, download from https://github.com/realm/SwiftLint\"\nfi\n";
		};
/* End PBXShellScriptBuildPhase section */

/* Begin PBXSourcesBuildPhase section */
		E4878D29295A9E01004BA66D /* Sources */ = {
			isa = PBXSourcesBuildPhase;
			buildActionMask = 2147483647;
			files = (
				E4878D53295AA5B7004BA66D /* GameListView.swift in Sources */,
				E44CAC1729D4174F009AE942 /* GameCatalogue.xcdatamodeld in Sources */,
				E4878D59295AD178004BA66D /* GamaDetail.swift in Sources */,
				E4F802F129ED865C0007A134 /* ProfileSheetView.swift in Sources */,
				E4878D57295AD0FA004BA66D /* GameDetailViewModel.swift in Sources */,
				E4878D33295A9E01004BA66D /* ContentView.swift in Sources */,
				E44CAC1B29D417A9009AE942 /* Games+CoreDataProperties.swift in Sources */,
				E4878D49295AA2C5004BA66D /* Game.swift in Sources */,
				E430646C295B01E0002AA983 /* Utils.swift in Sources */,
				E4878D51295AA5A7004BA66D /* CardGame.swift in Sources */,
				E44CAC1A29D417A9009AE942 /* Games+CoreDataClass.swift in Sources */,
				E4878D46295AA25E004BA66D /* APIService.swift in Sources */,
				E4878D40295A9FD4004BA66D /* AboutView.swift in Sources */,
				E4878D4E295AA33C004BA66D /* GameViewModel.swift in Sources */,
				E4878D31295A9E01004BA66D /* GameCatalogueApp.swift in Sources */,
				E4DB7363295AFEB500C4AFC7 /* LoadingIndicator.swift in Sources */,
				E4878D4B295AA2F1004BA66D /* GameList.swift in Sources */,
				E44CAC2229D470EE009AE942 /* FavoriteView.swift in Sources */,
				E44CAC1D29D41A6D009AE942 /* Persistance.swift in Sources */,
				E4878D55295AD0B2004BA66D /* GameDetailView.swift in Sources */,
				E44CAC1F29D41AA3009AE942 /* FavoriteViewModel.swift in Sources */,
				E4878D44295AA24E004BA66D /* ServiceProtocol.swift in Sources */,
			);
			runOnlyForDeploymentPostprocessing = 0;
		};
/* End PBXSourcesBuildPhase section */

/* Begin XCBuildConfiguration section */
		E4878D39295A9E03004BA66D /* Debug */ = {
			isa = XCBuildConfiguration;
			buildSettings = {
				ALWAYS_SEARCH_USER_PATHS = NO;
				CLANG_ANALYZER_NONNULL = YES;
				CLANG_ANALYZER_NUMBER_OBJECT_CONVERSION = YES_AGGRESSIVE;
				CLANG_CXX_LANGUAGE_STANDARD = "gnu++20";
				CLANG_ENABLE_MODULES = YES;
				CLANG_ENABLE_OBJC_ARC = YES;
				CLANG_ENABLE_OBJC_WEAK = YES;
				CLANG_WARN_BLOCK_CAPTURE_AUTORELEASING = YES;
				CLANG_WARN_BOOL_CONVERSION = YES;
				CLANG_WARN_COMMA = YES;
				CLANG_WARN_CONSTANT_CONVERSION = YES;
				CLANG_WARN_DEPRECATED_OBJC_IMPLEMENTATIONS = YES;
				CLANG_WARN_DIRECT_OBJC_ISA_USAGE = YES_ERROR;
				CLANG_WARN_DOCUMENTATION_COMMENTS = YES;
				CLANG_WARN_EMPTY_BODY = YES;
				CLANG_WARN_ENUM_CONVERSION = YES;
				CLANG_WARN_INFINITE_RECURSION = YES;
				CLANG_WARN_INT_CONVERSION = YES;
				CLANG_WARN_NON_LITERAL_NULL_CONVERSION = YES;
				CLANG_WARN_OBJC_IMPLICIT_RETAIN_SELF = YES;
				CLANG_WARN_OBJC_LITERAL_CONVERSION = YES;
				CLANG_WARN_OBJC_ROOT_CLASS = YES_ERROR;
				CLANG_WARN_QUOTED_INCLUDE_IN_FRAMEWORK_HEADER = YES;
				CLANG_WARN_RANGE_LOOP_ANALYSIS = YES;
				CLANG_WARN_STRICT_PROTOTYPES = YES;
				CLANG_WARN_SUSPICIOUS_MOVE = YES;
				CLANG_WARN_UNGUARDED_AVAILABILITY = YES_AGGRESSIVE;
				CLANG_WARN_UNREACHABLE_CODE = YES;
				CLANG_WARN__DUPLICATE_METHOD_MATCH = YES;
				COPY_PHASE_STRIP = NO;
				DEBUG_INFORMATION_FORMAT = dwarf;
				ENABLE_STRICT_OBJC_MSGSEND = YES;
				ENABLE_TESTABILITY = YES;
				GCC_C_LANGUAGE_STANDARD = gnu11;
				GCC_DYNAMIC_NO_PIC = NO;
				GCC_NO_COMMON_BLOCKS = YES;
				GCC_OPTIMIZATION_LEVEL = 0;
				GCC_PREPROCESSOR_DEFINITIONS = (
					"DEBUG=1",
					"$(inherited)",
				);
				GCC_WARN_64_TO_32_BIT_CONVERSION = YES;
				GCC_WARN_ABOUT_RETURN_TYPE = YES_ERROR;
				GCC_WARN_UNDECLARED_SELECTOR = YES;
				GCC_WARN_UNINITIALIZED_AUTOS = YES_AGGRESSIVE;
				GCC_WARN_UNUSED_FUNCTION = YES;
				GCC_WARN_UNUSED_VARIABLE = YES;
				IPHONEOS_DEPLOYMENT_TARGET = 16.1;
				MTL_ENABLE_DEBUG_INFO = INCLUDE_SOURCE;
				MTL_FAST_MATH = YES;
				ONLY_ACTIVE_ARCH = YES;
				SDKROOT = iphoneos;
				SWIFT_ACTIVE_COMPILATION_CONDITIONS = DEBUG;
				SWIFT_OPTIMIZATION_LEVEL = "-Onone";
			};
			name = Debug;
		};
		E4878D3A295A9E03004BA66D /* Release */ = {
			isa = XCBuildConfiguration;
			buildSettings = {
				ALWAYS_SEARCH_USER_PATHS = NO;
				CLANG_ANALYZER_NONNULL = YES;
				CLANG_ANALYZER_NUMBER_OBJECT_CONVERSION = YES_AGGRESSIVE;
				CLANG_CXX_LANGUAGE_STANDARD = "gnu++20";
				CLANG_ENABLE_MODULES = YES;
				CLANG_ENABLE_OBJC_ARC = YES;
				CLANG_ENABLE_OBJC_WEAK = YES;
				CLANG_WARN_BLOCK_CAPTURE_AUTORELEASING = YES;
				CLANG_WARN_BOOL_CONVERSION = YES;
				CLANG_WARN_COMMA = YES;
				CLANG_WARN_CONSTANT_CONVERSION = YES;
				CLANG_WARN_DEPRECATED_OBJC_IMPLEMENTATIONS = YES;
				CLANG_WARN_DIRECT_OBJC_ISA_USAGE = YES_ERROR;
				CLANG_WARN_DOCUMENTATION_COMMENTS = YES;
				CLANG_WARN_EMPTY_BODY = YES;
				CLANG_WARN_ENUM_CONVERSION = YES;
				CLANG_WARN_INFINITE_RECURSION = YES;
				CLANG_WARN_INT_CONVERSION = YES;
				CLANG_WARN_NON_LITERAL_NULL_CONVERSION = YES;
				CLANG_WARN_OBJC_IMPLICIT_RETAIN_SELF = YES;
				CLANG_WARN_OBJC_LITERAL_CONVERSION = YES;
				CLANG_WARN_OBJC_ROOT_CLASS = YES_ERROR;
				CLANG_WARN_QUOTED_INCLUDE_IN_FRAMEWORK_HEADER = YES;
				CLANG_WARN_RANGE_LOOP_ANALYSIS = YES;
				CLANG_WARN_STRICT_PROTOTYPES = YES;
				CLANG_WARN_SUSPICIOUS_MOVE = YES;
				CLANG_WARN_UNGUARDED_AVAILABILITY = YES_AGGRESSIVE;
				CLANG_WARN_UNREACHABLE_CODE = YES;
				CLANG_WARN__DUPLICATE_METHOD_MATCH = YES;
				COPY_PHASE_STRIP = NO;
				DEBUG_INFORMATION_FORMAT = "dwarf-with-dsym";
				ENABLE_NS_ASSERTIONS = NO;
				ENABLE_STRICT_OBJC_MSGSEND = YES;
				GCC_C_LANGUAGE_STANDARD = gnu11;
				GCC_NO_COMMON_BLOCKS = YES;
				GCC_WARN_64_TO_32_BIT_CONVERSION = YES;
				GCC_WARN_ABOUT_RETURN_TYPE = YES_ERROR;
				GCC_WARN_UNDECLARED_SELECTOR = YES;
				GCC_WARN_UNINITIALIZED_AUTOS = YES_AGGRESSIVE;
				GCC_WARN_UNUSED_FUNCTION = YES;
				GCC_WARN_UNUSED_VARIABLE = YES;
				IPHONEOS_DEPLOYMENT_TARGET = 16.1;
				MTL_ENABLE_DEBUG_INFO = NO;
				MTL_FAST_MATH = YES;
				SDKROOT = iphoneos;
				SWIFT_COMPILATION_MODE = wholemodule;
				SWIFT_OPTIMIZATION_LEVEL = "-O";
				VALIDATE_PRODUCT = YES;
			};
			name = Release;
		};
		E4878D3C295A9E03004BA66D /* Debug */ = {
			isa = XCBuildConfiguration;
			buildSettings = {
				ASSETCATALOG_COMPILER_APPICON_NAME = AppIcon;
				ASSETCATALOG_COMPILER_GLOBAL_ACCENT_COLOR_NAME = AccentColor;
				CODE_SIGN_STYLE = Automatic;
				CURRENT_PROJECT_VERSION = 1;
				DEVELOPMENT_ASSET_PATHS = "\"GameCatalogue/Preview Content\"";
				DEVELOPMENT_TEAM = 258W3RG7LH;
				ENABLE_PREVIEWS = YES;
				GENERATE_INFOPLIST_FILE = YES;
				INFOPLIST_KEY_UIApplicationSceneManifest_Generation = YES;
				INFOPLIST_KEY_UIApplicationSupportsIndirectInputEvents = YES;
				INFOPLIST_KEY_UILaunchScreen_Generation = YES;
				INFOPLIST_KEY_UISupportedInterfaceOrientations_iPad = "UIInterfaceOrientationPortrait UIInterfaceOrientationPortraitUpsideDown UIInterfaceOrientationLandscapeLeft UIInterfaceOrientationLandscapeRight";
				INFOPLIST_KEY_UISupportedInterfaceOrientations_iPhone = "UIInterfaceOrientationPortrait UIInterfaceOrientationLandscapeLeft UIInterfaceOrientationLandscapeRight";
				LD_RUNPATH_SEARCH_PATHS = (
					"$(inherited)",
					"@executable_path/Frameworks",
				);
				MARKETING_VERSION = 1.0;
				PRODUCT_BUNDLE_IDENTIFIER = haris.GameCatalogue;
				PRODUCT_NAME = "$(TARGET_NAME)";
				SWIFT_EMIT_LOC_STRINGS = YES;
				SWIFT_VERSION = 5.0;
				TARGETED_DEVICE_FAMILY = "1,2";
			};
			name = Debug;
		};
		E4878D3D295A9E03004BA66D /* Release */ = {
			isa = XCBuildConfiguration;
			buildSettings = {
				ASSETCATALOG_COMPILER_APPICON_NAME = AppIcon;
				ASSETCATALOG_COMPILER_GLOBAL_ACCENT_COLOR_NAME = AccentColor;
				CODE_SIGN_STYLE = Automatic;
				CURRENT_PROJECT_VERSION = 1;
				DEVELOPMENT_ASSET_PATHS = "\"GameCatalogue/Preview Content\"";
				DEVELOPMENT_TEAM = 258W3RG7LH;
				ENABLE_PREVIEWS = YES;
				GENERATE_INFOPLIST_FILE = YES;
				INFOPLIST_KEY_UIApplicationSceneManifest_Generation = YES;
				INFOPLIST_KEY_UIApplicationSupportsIndirectInputEvents = YES;
				INFOPLIST_KEY_UILaunchScreen_Generation = YES;
				INFOPLIST_KEY_UISupportedInterfaceOrientations_iPad = "UIInterfaceOrientationPortrait UIInterfaceOrientationPortraitUpsideDown UIInterfaceOrientationLandscapeLeft UIInterfaceOrientationLandscapeRight";
				INFOPLIST_KEY_UISupportedInterfaceOrientations_iPhone = "UIInterfaceOrientationPortrait UIInterfaceOrientationLandscapeLeft UIInterfaceOrientationLandscapeRight";
				LD_RUNPATH_SEARCH_PATHS = (
					"$(inherited)",
					"@executable_path/Frameworks",
				);
				MARKETING_VERSION = 1.0;
				PRODUCT_BUNDLE_IDENTIFIER = haris.GameCatalogue;
				PRODUCT_NAME = "$(TARGET_NAME)";
				SWIFT_EMIT_LOC_STRINGS = YES;
				SWIFT_VERSION = 5.0;
				TARGETED_DEVICE_FAMILY = "1,2";
			};
			name = Release;
		};
/* End XCBuildConfiguration section */

/* Begin XCConfigurationList section */
		E4878D28295A9E01004BA66D /* Build configuration list for PBXProject "GameCatalogue" */ = {
			isa = XCConfigurationList;
			buildConfigurations = (
				E4878D39295A9E03004BA66D /* Debug */,
				E4878D3A295A9E03004BA66D /* Release */,
			);
			defaultConfigurationIsVisible = 0;
			defaultConfigurationName = Release;
		};
		E4878D3B295A9E03004BA66D /* Build configuration list for PBXNativeTarget "GameCatalogue" */ = {
			isa = XCConfigurationList;
			buildConfigurations = (
				E4878D3C295A9E03004BA66D /* Debug */,
				E4878D3D295A9E03004BA66D /* Release */,
			);
			defaultConfigurationIsVisible = 0;
			defaultConfigurationName = Release;
		};
/* End XCConfigurationList section */

/* Begin XCVersionGroup section */
		E44CAC1529D4174F009AE942 /* GameCatalogue.xcdatamodeld */ = {
			isa = XCVersionGroup;
			children = (
				E44CAC1629D4174F009AE942 /* GameCatalogue.xcdatamodel */,
			);
			currentVersion = E44CAC1629D4174F009AE942 /* GameCatalogue.xcdatamodel */;
			path = GameCatalogue.xcdatamodeld;
			sourceTree = "<group>";
			versionGroupType = wrapper.xcdatamodel;
		};
/* End XCVersionGroup section */
	};
	rootObject = E4878D25295A9E01004BA66D /* Project object */;
}
